# THIS IS AN AUTOGENERATED FILE. DO NOT EDIT THIS FILE DIRECTLY.
# yarn lockfile v1


"@babel/runtime@^7.0.0", "@babel/runtime@^7.3.1":
  version "7.9.2"
  resolved "https://registry.yarnpkg.com/@babel/runtime/-/runtime-7.9.2.tgz#d90df0583a3a252f09aaa619665367bae518db06"
  integrity sha512-NE2DtOdufG7R5vnfQUTehdTfNycfUANEtCa9PssN9O/xmTzP4E08UI797ixaei6hBEVL9BI/PsdJS5x7mWoB9Q==
  dependencies:
    regenerator-runtime "^0.13.4"

"@deck.gl/aggregation-layers@8.1.3":
  version "8.1.3"
  resolved "https://registry.yarnpkg.com/@deck.gl/aggregation-layers/-/aggregation-layers-8.1.3.tgz#11b0eee7edf91209d62229551d31a7b18567975e"
  integrity sha512-LI5O7F4sCrQ2w8olLcwI/0ryDUVJ/lmnaO4xwhf5TMYoLvsfhmZCYVqJ4z2FRVk3d8XocctOwxqy8kuczOw4JQ==
  dependencies:
    "@luma.gl/shadertools" "^8.1.0"
    "@math.gl/web-mercator" "^3.1.3"
    d3-hexbin "^0.2.1"

"@deck.gl/core@8.1.3":
  version "8.1.3"
  resolved "https://registry.yarnpkg.com/@deck.gl/core/-/core-8.1.3.tgz#5959d38fbed3303bae3c61c338d8772e926f80a9"
  integrity sha512-HO+rnjBj3VjBgWbHI4in8tLycSGG2L4xJgrSbegenQbKbpVpsThsUQN2cklnbeONvpa0CDHhef8q296/n/DsBA==
  dependencies:
    "@loaders.gl/core" "^2.1.1"
    "@loaders.gl/images" "^2.1.1"
    "@luma.gl/core" "^8.1.0"
    "@math.gl/web-mercator" "^3.1.3"
    gl-matrix "^3.0.0"
    math.gl "^3.1.2"
    mjolnir.js "^2.3.0"
    probe.gl "^3.2.1"

"@deck.gl/extensions@8.1.3":
  version "8.1.3"
  resolved "https://registry.yarnpkg.com/@deck.gl/extensions/-/extensions-8.1.3.tgz#16f25ea4ee7c7cd021e5dca9b782770f16f241a1"
  integrity sha512-xGo0Vg8X7PIIopF/TVYDrc5UwJJV/60nQeb93shH5gE2stCcd7Ew1u3+Lqr5MjqgG6/Q2D2sY1VACXfqUxpDYg==
  dependencies:
    "@luma.gl/shadertools" "^8.1.0"

"@deck.gl/geo-layers@8.1.3":
  version "8.1.3"
  resolved "https://registry.yarnpkg.com/@deck.gl/geo-layers/-/geo-layers-8.1.3.tgz#140905c5a2f2088e35ef98e33d67db954b1542fc"
  integrity sha512-wsfi8uokSaYfYbPTt5tT9I+K8dBINfBTIr+zzCS4AM27tpbJiOLZ12aqSqdym2Obfl6+qkJ9poAz4Y5Uo5oaPA==
  dependencies:
    "@loaders.gl/3d-tiles" "^2.1.1"
    "@loaders.gl/core" "^2.1.1"
    "@loaders.gl/mvt" "^2.1.1"
    "@loaders.gl/terrain" "^2.1.1"
    "@loaders.gl/tiles" "^2.1.1"
    "@math.gl/core" "^3.1.3"
    "@math.gl/web-mercator" "^3.1.3"
    h3-js "^3.6.0"
    long "^3.2.0"
    math.gl "^3.1.3"

"@deck.gl/google-maps@8.1.3":
  version "8.1.3"
  resolved "https://registry.yarnpkg.com/@deck.gl/google-maps/-/google-maps-8.1.3.tgz#4b252020b7bfb3e6a7a67538236bcd2bec7b455f"
  integrity sha512-IzfPkm6Qheig26gL00rOhQUSfuLQe5NKwOycIJtsof8mjZQPFE8EQpeGicFDF1rJdg2ArMRXelHavXNYtRD69Q==

"@deck.gl/json@8.1.3":
  version "8.1.3"
  resolved "https://registry.yarnpkg.com/@deck.gl/json/-/json-8.1.3.tgz#c43de5210726fc14f85b10537397123492b32e40"
  integrity sha512-un3Q0h8S3ebyehiyAPwYjyOB9HpTbDktKkklWUKHh2XqAGbpqckLQU9wxfExhqnk7B5iBj1hu2uMmwLVvm4Z1Q==
  dependencies:
    d3-dsv "^1.0.8"
    expression-eval "^2.0.0"

"@deck.gl/layers@8.1.3":
  version "8.1.3"
  resolved "https://registry.yarnpkg.com/@deck.gl/layers/-/layers-8.1.3.tgz#591fe41525dfa36e5189f910f59f221ffb26ef1a"
  integrity sha512-h5LUyO0xfKQDfsuRAVurOWw5/Bgta+/EixFDV+OcOKo4zdBbapZE2RdgnyqwLLn0YvV7rdb+4oTBEjkb5jgMHQ==
  dependencies:
    "@loaders.gl/core" "^2.1.1"
    "@loaders.gl/images" "^2.1.1"
    "@mapbox/tiny-sdf" "^1.1.0"
    earcut "^2.0.6"

"@deck.gl/mapbox@8.1.3":
  version "8.1.3"
  resolved "https://registry.yarnpkg.com/@deck.gl/mapbox/-/mapbox-8.1.3.tgz#d08b48a7892efc25c06f3e3f3200620ae1bba814"
  integrity sha512-2JcmlDh4lYLqbbb94jWSCKv4uJbf7mC5kXGc+3lr1mvkqJuMlcLd8dWOqj8Cl98Gh5pAiVBW+SAa5duw+ZEaoA==

"@deck.gl/mesh-layers@8.1.3":
  version "8.1.3"
  resolved "https://registry.yarnpkg.com/@deck.gl/mesh-layers/-/mesh-layers-8.1.3.tgz#4c5d34f0383e7290b536b8ab3b078c37a19bdb49"
  integrity sha512-xI9J9xVPtBKUHkN6sOVIYTJONwfym/vfifbf4lXe31shwu6GImYS/ZGJgcn9QuYUOqoJuaugUHpGf3l3/MnWNw==
  dependencies:
    "@luma.gl/experimental" "^8.1.0"
    "@luma.gl/shadertools" "^8.1.0"

"@deck.gl/react@8.1.3":
  version "8.1.3"
  resolved "https://registry.yarnpkg.com/@deck.gl/react/-/react-8.1.3.tgz#fbd7c301560c70c23b2df2d612560ab0397cbac5"
  integrity sha512-78OJ63W/lA8kclvF4CPI2/7dDoSfE2IP3rASVXOdyJuOGu9QsjBE8np2JsfrKvrrXvXm4hw4CuASz7ae1i4VFg==
  dependencies:
    prop-types "^15.6.0"

"@loaders.gl/3d-tiles@^2.1.1":
  version "2.1.2"
  resolved "https://registry.yarnpkg.com/@loaders.gl/3d-tiles/-/3d-tiles-2.1.2.tgz#a518d60e2043ddea58546c10a5d132a15d44798c"
  integrity sha512-ou0FaczoPJfBwWXPRyBXqURR5R1vgM6tbi9IDgI1fBMgEGrV0IZ2WzySdi0RB9sCLMGcrCjRHGrqFoirqM6AJA==
  dependencies:
    "@loaders.gl/core" "2.1.2"
    "@loaders.gl/gltf" "2.1.2"
    "@loaders.gl/loader-utils" "2.1.2"
    "@loaders.gl/math" "2.1.2"
    "@loaders.gl/tiles" "2.1.2"
    "@math.gl/core" "^3.1.3"
    "@math.gl/geospatial" "^3.1.3"
    "@probe.gl/stats" "^3.2.1"

"@loaders.gl/core@2.1.2", "@loaders.gl/core@^2.1.1":
  version "2.1.2"
  resolved "https://registry.yarnpkg.com/@loaders.gl/core/-/core-2.1.2.tgz#2a4ff61e138bd911ff6586fa47ffffb25d0867aa"
  integrity sha512-3OWOOYk80LnUlhnFS3XEivKJnbB2AJH14BPCEighkCdkkQXFK0TWzQuk1uSCyd2P8fae1MRU1G7j0Bat4gWDxQ==
  dependencies:
    "@babel/runtime" "^7.3.1"
    "@loaders.gl/loader-utils" "2.1.2"

"@loaders.gl/gltf@2.1.2":
  version "2.1.2"
  resolved "https://registry.yarnpkg.com/@loaders.gl/gltf/-/gltf-2.1.2.tgz#140b39b69608337fb6f000d1b490577f40b7b81d"
  integrity sha512-r0M5X38CJiz/+cURgUE++iAKULHBIj+x4Unovoyb1HyfHXAhNKY+gKkiRK7Q11UtxX76YZXaqYGqIsYZKjojow==
  dependencies:
    "@loaders.gl/core" "2.1.2"
    "@loaders.gl/images" "2.1.2"
    "@loaders.gl/loader-utils" "2.1.2"

"@loaders.gl/images@2.1.2", "@loaders.gl/images@^2.1.1":
  version "2.1.2"
  resolved "https://registry.yarnpkg.com/@loaders.gl/images/-/images-2.1.2.tgz#ce931b7f2d3ea755e0c762fbee274ce7dddefeea"
  integrity sha512-BYTf7kajQ1Wir9X5WJLbJinctxi6aX9/QASRSkuJGqhK7gs4msGahW1wxaIXqBx7ECLTkqrQwzZ+KHqUu8Tz8w==
  dependencies:
    "@loaders.gl/loader-utils" "2.1.2"

"@loaders.gl/loader-utils@2.1.2":
  version "2.1.2"
  resolved "https://registry.yarnpkg.com/@loaders.gl/loader-utils/-/loader-utils-2.1.2.tgz#271892be6b0f39b2b1c50e24d531875f6281d0da"
  integrity sha512-JfhNkvP1SdDBNKT0FeuK/ZlYWeDZJoY0lgWQlYvOY9F4Uc+Lhxwl1nDvUJUYZa2PKgPgTmYP++pGOzSaR1hnoQ==
  dependencies:
    "@babel/runtime" "^7.3.1"
    "@probe.gl/stats" "^3.2.1"

"@loaders.gl/math@2.1.2":
  version "2.1.2"
  resolved "https://registry.yarnpkg.com/@loaders.gl/math/-/math-2.1.2.tgz#74b8a3aa429b8a629a954e25d190f1134f084a26"
  integrity sha512-9HojqOzEfhevadE5ZgSjoBCwSt7Llr7qEqKGUgM9S5nKpBiX+JyyE3veqgSgI+SiccrJwLfGzLH9ObQ7em7iPA==
  dependencies:
    "@loaders.gl/images" "2.1.2"
    "@loaders.gl/loader-utils" "2.1.2"
    math.gl "^3.1.3"

"@loaders.gl/mvt@^2.1.1":
  version "2.1.2"
  resolved "https://registry.yarnpkg.com/@loaders.gl/mvt/-/mvt-2.1.2.tgz#e509662fc9388a3745a100b1b103d44f761963a8"
  integrity sha512-NoX+H2ifqoIVrtcvcGKbj31joJSyp+l2tAyJQdk02ZIKXT1OJC6r+vcbjIdzEWPW5xStbE+h0uDeVnaV3dqzFw==
  dependencies:
    "@loaders.gl/loader-utils" "2.1.2"
    "@mapbox/vector-tile" "^1.3.1"
    pbf "^3.2.1"

"@loaders.gl/terrain@^2.1.1":
  version "2.1.2"
  resolved "https://registry.yarnpkg.com/@loaders.gl/terrain/-/terrain-2.1.2.tgz#7999550c63443a32e78c7cd4e12d6c2759ec30ff"
  integrity sha512-8pr8ikQq3hVdNwXYN8ZE6xfqhonii+7QxgVrsBphQ+mCPZdhr7NMnhecnf7uaIM+8SUs4v2SKQTQdp2BThg5NQ==
  dependencies:
    "@babel/runtime" "^7.3.1"
    "@loaders.gl/loader-utils" "2.1.2"
    "@mapbox/martini" "^0.2.0"

"@loaders.gl/tiles@2.1.2", "@loaders.gl/tiles@^2.1.1":
  version "2.1.2"
  resolved "https://registry.yarnpkg.com/@loaders.gl/tiles/-/tiles-2.1.2.tgz#05559fb814d85052392f3d97c1f7c34115853996"
  integrity sha512-5Zm7fTvOfR5sGdcVcN2gGba3ZJXDCvumEJfBi/I+3fQg9yM1xazpTkpjScsZxelsjYksDmz2vk0w5LsAZCyiyg==
  dependencies:
    "@loaders.gl/core" "2.1.2"
    "@loaders.gl/loader-utils" "2.1.2"
    "@loaders.gl/math" "2.1.2"
    "@math.gl/core" "^3.1.3"
    "@math.gl/culling" "^3.1.2"
    "@math.gl/geospatial" "^3.1.2"
    "@probe.gl/stats" "^3.2.1"

"@luma.gl/constants@7.3.2":
  version "7.3.2"
  resolved "https://registry.yarnpkg.com/@luma.gl/constants/-/constants-7.3.2.tgz#99c5d665f9e6d21192525038e47ec4acfbbbe0a6"
  integrity sha512-hr6JOOwsGPjjoHnil4sQ6AWsc8P6XXYtRL10TwNYfFTcNxrhSrjQvutYoCzXHH5U0vfHBfPMMUyLASK9FqiHOA==

"@luma.gl/constants@8.1.1":
  version "8.1.1"
  resolved "https://registry.yarnpkg.com/@luma.gl/constants/-/constants-8.1.1.tgz#75ad54d9ccbb92e21e12d8b16619f94da6661204"
  integrity sha512-QasDQorHeggwLCsyaBUZd58hUjWX0785dIjb8YPJto22d/Swcg2j4SAvNOq9aD5c0MUkzXoBWvrhThLIzxn8qA==

"@luma.gl/core@*", "@luma.gl/core@^8.1.0":
  version "8.1.1"
  resolved "https://registry.yarnpkg.com/@luma.gl/core/-/core-8.1.1.tgz#ea222343649f5d7923f7208fae510c72113a9584"
  integrity sha512-xPl/fWviTOdYN+OLxDoUU6+DpJR2lyQ82ftFZ0UDS0duq6xTsYrEAxhEXO1akhSrjmtLQRn0DAhJyPXtPxTs0w==
  dependencies:
    "@babel/runtime" "^7.0.0"
    "@luma.gl/constants" "8.1.1"
    "@luma.gl/engine" "8.1.1"
    "@luma.gl/shadertools" "8.1.1"
    "@luma.gl/webgl" "8.1.1"

"@luma.gl/engine@8.1.1":
  version "8.1.1"
  resolved "https://registry.yarnpkg.com/@luma.gl/engine/-/engine-8.1.1.tgz#8db4b4e7d13ff68246962c702663bcca0410d205"
  integrity sha512-/EONNn1cjte/qrOa71Bg5T7MG2nwWcxSJngyTN20PoeBRvql/E7R2YXDn7Aej44Ld73u9WRoMU1L19q4s/ZVCQ==
  dependencies:
    "@babel/runtime" "^7.0.0"
    "@luma.gl/constants" "8.1.1"
    "@luma.gl/gltools" "8.1.1"
    "@luma.gl/shadertools" "8.1.1"
    "@luma.gl/webgl" "8.1.1"
    math.gl "^3.1.3"
    probe.gl "^3.2.1"

"@luma.gl/experimental@^8.1.0":
  version "8.1.1"
  resolved "https://registry.yarnpkg.com/@luma.gl/experimental/-/experimental-8.1.1.tgz#3627018bfaa75287ea5a0cc279896959802daeb3"
  integrity sha512-mplWHewqzjxjk1rp0ZGrUn35fuQoohaVT38i5qQchg6YgNWqSFwSk6oCfCVIptctVIyS6PVunoHF+QTBRzBZxw==
  dependencies:
    "@loaders.gl/images" "^2.1.1"
    "@luma.gl/constants" "8.1.1"
    earcut "^2.0.6"
    math.gl "^3.1.3"

"@luma.gl/gltools@8.1.1":
  version "8.1.1"
  resolved "https://registry.yarnpkg.com/@luma.gl/gltools/-/gltools-8.1.1.tgz#1d346233d9a57acc4f8fc6b62dc41b75a9f9f288"
  integrity sha512-Q8wayEm9zS3bd5+Ck97Ap4MLeJRhQjcQGvSbc165sbisUjVA7+m6VqwLE5rHQ2GWma2oEYBHltb/GeVEU2t5FQ==
  dependencies:
    "@babel/runtime" "^7.0.0"
    "@luma.gl/constants" "8.1.1"
    probe.gl "^3.2.1"

"@luma.gl/shadertools@8.1.1", "@luma.gl/shadertools@^8.1.0":
  version "8.1.1"
  resolved "https://registry.yarnpkg.com/@luma.gl/shadertools/-/shadertools-8.1.1.tgz#a8c503622384ddd1118dddf07760ec5e1bcf4aff"
  integrity sha512-y7OnRJmGg0qSrLYZQ7rNhRqEEbALOsVK9djCEaWDhbDXn3THJhUjtD8X+f+jGARyVZKiDbStCIFl0cmNjLUC+A==
  dependencies:
    "@babel/runtime" "^7.0.0"
    math.gl "^3.1.3"

"@luma.gl/webgl-state-tracker@*":
  version "7.3.2"
  resolved "https://registry.yarnpkg.com/@luma.gl/webgl-state-tracker/-/webgl-state-tracker-7.3.2.tgz#b927e1c7689fbc75432197eaf0468fc8f0e18a76"
  integrity sha512-0LuK3veReSm2UPOiDwC2CRDeE2xk4irqXdhyFO0WSAU1w+YhzbD1hGbjizGczvgfkbz8dFl9h98LbbH75efcKw==
  dependencies:
    "@babel/runtime" "^7.0.0"
    "@luma.gl/constants" "7.3.2"

"@luma.gl/webgl@*", "@luma.gl/webgl@8.1.1":
  version "8.1.1"
  resolved "https://registry.yarnpkg.com/@luma.gl/webgl/-/webgl-8.1.1.tgz#148acd2085d23de2a7e9a565c7b8d5883da77e53"
  integrity sha512-SbwGW7cUHXe6OIHi8U+k0GCqnB79q0MEjYb57dM0FFOnCYJ/iLaNJD26ah7ee178D4uspry89q2bpP16bJ927A==
  dependencies:
    "@babel/runtime" "^7.0.0"
    "@luma.gl/constants" "8.1.1"
    "@luma.gl/gltools" "8.1.1"
    probe.gl "^3.2.1"

"@mapbox/martini@^0.2.0":
  version "0.2.0"
  resolved "https://registry.yarnpkg.com/@mapbox/martini/-/martini-0.2.0.tgz#1af70211fbe994abf26e37f1388ca69c02cd43b4"
  integrity sha512-7hFhtkb0KTLEls+TRw/rWayq5EeHtTaErgm/NskVoXmtgAQu/9D299aeyj6mzAR/6XUnYRp2lU+4IcrYRFjVsQ==

"@mapbox/point-geometry@~0.1.0":
  version "0.1.0"
  resolved "https://registry.yarnpkg.com/@mapbox/point-geometry/-/point-geometry-0.1.0.tgz#8a83f9335c7860effa2eeeca254332aa0aeed8f2"
  integrity sha1-ioP5M1x4YO/6Lu7KJUMyqgru2PI=

"@mapbox/tiny-sdf@^1.1.0":
  version "1.1.1"
  resolved "https://registry.yarnpkg.com/@mapbox/tiny-sdf/-/tiny-sdf-1.1.1.tgz#16a20c470741bfe9191deb336f46e194da4a91ff"
  integrity sha512-Ihn1nZcGIswJ5XGbgFAvVumOgWpvIjBX9jiRlIl46uQG9vJOF51ViBYHF95rEZupuyQbEmhLaDPLQlU7fUTsBg==

"@mapbox/vector-tile@^1.3.1":
  version "1.3.1"
  resolved "https://registry.yarnpkg.com/@mapbox/vector-tile/-/vector-tile-1.3.1.tgz#d3a74c90402d06e89ec66de49ec817ff53409666"
  integrity sha512-MCEddb8u44/xfQ3oD+Srl/tNcQoqTw3goGk2oLsrFxOTc3dUp+kAnby3PvAeeBYSMSjSPD1nd1AJA6W49WnoUw==
  dependencies:
    "@mapbox/point-geometry" "~0.1.0"

"@math.gl/core@3.1.3", "@math.gl/core@^3.1.3":
  version "3.1.3"
  resolved "https://registry.yarnpkg.com/@math.gl/core/-/core-3.1.3.tgz#70b0349708d170325eecf043b6840029bc57cda5"
  integrity sha512-vpYyUYaE9h5KhJC4BJp4CeWThB7rrfs40d36dKkn45Vgzuj2lVCJ8FeU0S5XWYa495DLxxECED0IZt9ROvlwcg==
  dependencies:
    "@babel/runtime" "^7.0.0"
    gl-matrix "^3.0.0"

"@math.gl/culling@^3.1.2":
  version "3.1.3"
  resolved "https://registry.yarnpkg.com/@math.gl/culling/-/culling-3.1.3.tgz#077d2aff2d6175f37ec61792aa6e8e6f8e6d41aa"
  integrity sha512-GxWMclb2ogTYaI6dwG55tPq+SgIF3MA4G0o7YhkCfa7pz86smjw4DryStPcP7KTyLm3YW8TcLUgUzc5rSq3FzA==
  dependencies:
    "@babel/runtime" "^7.0.0"
    "@math.gl/core" "3.1.3"
    gl-matrix "^3.0.0"

"@math.gl/geospatial@^3.1.2", "@math.gl/geospatial@^3.1.3":
  version "3.1.3"
  resolved "https://registry.yarnpkg.com/@math.gl/geospatial/-/geospatial-3.1.3.tgz#0be9b1a77b892d55a030cfc1dee2b1325c47feaf"
  integrity sha512-AJ5RZ4uOxMNW2g/jHhze/QOxe+wqvxx5xw+BWsd5EYriHecpgRk91NwTZdzNSw5BAycF4XxUQ80yO9/Xf/ANMQ==
  dependencies:
    "@babel/runtime" "^7.0.0"
    "@math.gl/core" "3.1.3"
    gl-matrix "^3.0.0"

"@math.gl/web-mercator@^3.1.3":
  version "3.1.3"
  resolved "https://registry.yarnpkg.com/@math.gl/web-mercator/-/web-mercator-3.1.3.tgz#3a6b2aeb6c68b331f26269c2fa1905cacc40e84b"
  integrity sha512-aU+3upxkdA9yObA7EudfEKfN/QH4o5impyc7s/a34J2hZKPsihgREphxnKzl2RknXD/KoL7MnQv589LToAJGMQ==
  dependencies:
    "@babel/runtime" "^7.0.0"
    gl-matrix "^3.0.0"

"@probe.gl/stats@3.2.1", "@probe.gl/stats@^3.2.1":
  version "3.2.1"
  resolved "https://registry.yarnpkg.com/@probe.gl/stats/-/stats-3.2.1.tgz#4e95c75513229ebb01384045e89524a466c022eb"
  integrity sha512-tXe5krgbodxtVdUVWG4oIicMoCHNGp7QYkaHSDrUeTfJVqYuZz99T6r7qmn0bCo4wQlzn936jJ+QiAltHxatig==
  dependencies:
    "@babel/runtime" "^7.0.0"

"@types/hammerjs@^2.0.36":
  version "2.0.36"
  resolved "https://registry.yarnpkg.com/@types/hammerjs/-/hammerjs-2.0.36.tgz#17ce0a235e9ffbcdcdf5095646b374c2bf615a4c"
  integrity sha512-7TUK/k2/QGpEAv/BCwSHlYu3NXZhQ9ZwBYpzr9tjlPIL2C5BeGhH3DmVavRx3ZNyELX5TLC91JTz/cen6AAtIQ==

"@types/node@*":
  version "13.13.4"
  resolved "https://registry.yarnpkg.com/@types/node/-/node-13.13.4.tgz#1581d6c16e3d4803eb079c87d4ac893ee7501c2c"
  integrity sha512-x26ur3dSXgv5AwKS0lNfbjpCakGIduWU1DU91Zz58ONRWrIKGunmZBNv4P7N+e27sJkiGDsw/3fT4AtsqQBrBA==

"@types/prop-types@*":
  version "15.7.3"
  resolved "https://registry.yarnpkg.com/@types/prop-types/-/prop-types-15.7.3.tgz#2ab0d5da2e5815f94b0b9d4b95d1e5f243ab2ca7"
  integrity sha512-KfRL3PuHmqQLOG+2tGpRO26Ctg+Cq1E01D2DMriKEATHgWLfeNDmq9e29Q9WIky0dQ3NPkd1mzYH8Lm936Z9qw==

"@types/react@*":
  version "16.9.34"
  resolved "https://registry.yarnpkg.com/@types/react/-/react-16.9.34.tgz#f7d5e331c468f53affed17a8a4d488cd44ea9349"
  integrity sha512-8AJlYMOfPe1KGLKyHpflCg5z46n0b5DbRfqDksxBLBTUpB75ypDBAO9eCUcjNwE6LCUslwTz00yyG/X9gaVtow==
  dependencies:
    "@types/prop-types" "*"
    csstype "^2.2.0"

balanced-match@^1.0.0:
  version "1.0.0"
  resolved "https://registry.yarnpkg.com/balanced-match/-/balanced-match-1.0.0.tgz#89b4d199ab2bee49de164ea02b89ce462d71b767"
  integrity sha1-ibTRmasr7kneFk6gK4nORi1xt2c=

brace-expansion@^1.1.7:
  version "1.1.11"
  resolved "https://registry.yarnpkg.com/brace-expansion/-/brace-expansion-1.1.11.tgz#3c7fcbf529d87226f3d2f52b966ff5271eb441dd"
  integrity sha512-iCuPHDFgrHX7H2vEI/5xpz07zSHB00TpugqhmYtVmMO6518mCuRMoOYFldEBl0g187ufozdaHgWKcYFb61qGiA==
  dependencies:
    balanced-match "^1.0.0"
    concat-map "0.0.1"

commander@2:
  version "2.20.3"
  resolved "https://registry.yarnpkg.com/commander/-/commander-2.20.3.tgz#fd485e84c03eb4881c20722ba48035e8531aeb33"
  integrity sha512-GpVkmM8vF2vQUkj2LvZmD35JxeJOLCwJ9cUkugyk2nuhbv3+mJvpLYYt+0+USMxE+oj+ey/lJEnhZw75x/OMcQ==

concat-map@0.0.1:
  version "0.0.1"
  resolved "https://registry.yarnpkg.com/concat-map/-/concat-map-0.0.1.tgz#d8a96bd77fd68df7793a73036a3ba0d5405d477b"
  integrity sha1-2Klr13/Wjfd5OnMDajug1UBdR3s=

csstype@^2.2.0:
  version "2.6.10"
  resolved "https://registry.yarnpkg.com/csstype/-/csstype-2.6.10.tgz#e63af50e66d7c266edb6b32909cfd0aabe03928b"
  integrity sha512-D34BqZU4cIlMCY93rZHbrq9pjTAQJ3U8S8rfBqjwHxkGPThWFjzZDQpgMJY0QViLxth6ZKYiwFBo14RdN44U/w==

d3-dsv@^1.0.8:
  version "1.2.0"
  resolved "https://registry.yarnpkg.com/d3-dsv/-/d3-dsv-1.2.0.tgz#9d5f75c3a5f8abd611f74d3f5847b0d4338b885c"
  integrity sha512-9yVlqvZcSOMhCYzniHE7EVUws7Fa1zgw+/EAV2BxJoG3ME19V6BQFBwI855XQDsxyOuG7NibqRMTtiF/Qup46g==
  dependencies:
    commander "2"
    iconv-lite "0.4"
    rw "1"

d3-hexbin@^0.2.1:
  version "0.2.2"
  resolved "https://registry.yarnpkg.com/d3-hexbin/-/d3-hexbin-0.2.2.tgz#9c5837dacfd471ab05337a9e91ef10bfc4f98831"
  integrity sha1-nFg32s/UcasFM3qeke8Qv8T5iDE=

deck.gl@*:
  version "8.1.3"
  resolved "https://registry.yarnpkg.com/deck.gl/-/deck.gl-8.1.3.tgz#ace5b9eeb643cc47c5d978f95f10eb2f7ef4626d"
  integrity sha512-o1ZLOXH9wLxUhIoIV31E9L+GAOL4NooO8XIMEdQEZ3uRT9we8dGBwh+U5i6Uckc2X/Nwh4Vg3JhCTgcHzu0V6Q==
  dependencies:
    "@deck.gl/aggregation-layers" "8.1.3"
    "@deck.gl/core" "8.1.3"
    "@deck.gl/extensions" "8.1.3"
    "@deck.gl/geo-layers" "8.1.3"
    "@deck.gl/google-maps" "8.1.3"
    "@deck.gl/json" "8.1.3"
    "@deck.gl/layers" "8.1.3"
    "@deck.gl/mapbox" "8.1.3"
    "@deck.gl/mesh-layers" "8.1.3"
    "@deck.gl/react" "8.1.3"

dts-generator@^3.0.0:
  version "3.0.0"
  resolved "https://registry.yarnpkg.com/dts-generator/-/dts-generator-3.0.0.tgz#70ed00dc1067bc66f68ad550bbeb894873d45f77"
  integrity sha512-IrFP0TUGnBOxr8Lth0hLh/iM9odZTRGYyr4Y46IRxyw1SGO1Vvf30+x4npck9yP4FbaRXbB0Zh7gvmiqUta7mg==
  dependencies:
    glob "^7.1.3"
    mkdirp "^0.5.1"

earcut@^2.0.6:
  version "2.2.2"
  resolved "https://registry.yarnpkg.com/earcut/-/earcut-2.2.2.tgz#41b0bc35f63e0fe80da7cddff28511e7e2e80d11"
  integrity sha512-eZoZPPJcUHnfRZ0PjLvx2qBordSiO8ofC3vt+qACLM95u+4DovnbYNpQtJh0DNsWj8RnxrQytD4WA8gj5cRIaQ==

expression-eval@^2.0.0:
  version "2.1.0"
  resolved "https://registry.yarnpkg.com/expression-eval/-/expression-eval-2.1.0.tgz#422915caa46140a7c5b5f248650dea8bf8236e62"
  integrity sha512-FUJO/Akvl/JOWkvlqZaqbkhsEWlCJWDeZG4tzX96UH68D9FeRgYgtb55C2qtqbORC0Q6x5419EDjWu4IT9kQfg==
  dependencies:
    jsep "^0.3.0"

fs-extra@^7.0.0:
  version "7.0.1"
  resolved "https://registry.yarnpkg.com/fs-extra/-/fs-extra-7.0.1.tgz#4f189c44aa123b895f722804f55ea23eadc348e9"
  integrity sha512-YJDaCJZEnBmcbw13fvdAM9AwNOJwOzrE4pqMqBq5nFiEqXUqHwlK4B+3pUw6JNvfSPtX05xFHtYy/1ni01eGCw==
  dependencies:
    graceful-fs "^4.1.2"
    jsonfile "^4.0.0"
    universalify "^0.1.0"

fs.realpath@^1.0.0:
  version "1.0.0"
  resolved "https://registry.yarnpkg.com/fs.realpath/-/fs.realpath-1.0.0.tgz#1504ad2523158caa40db4a2787cb01411994ea4f"
  integrity sha1-FQStJSMVjKpA20onh8sBQRmU6k8=

gl-matrix@^3.0.0:
  version "3.3.0"
  resolved "https://registry.yarnpkg.com/gl-matrix/-/gl-matrix-3.3.0.tgz#232eef60b1c8b30a28cbbe75b2caf6c48fd6358b"
  integrity sha512-COb7LDz+SXaHtl/h4LeaFcNdJdAQSDeVqjiIihSXNrkWObZLhDI4hIkZC11Aeqp7bcE72clzB0BnDXr2SmslRA==

glob@^7.1.3, glob@^7.1.5:
  version "7.1.6"
  resolved "https://registry.yarnpkg.com/glob/-/glob-7.1.6.tgz#141f33b81a7c2492e125594307480c46679278a6"
  integrity sha512-LwaxwyZ72Lk7vZINtNNrywX0ZuLyStrdDtabefZKAY5ZGJhVtgdznluResxNmPitE0SAO+O26sWTHeKSI2wMBA==
  dependencies:
    fs.realpath "^1.0.0"
    inflight "^1.0.4"
    inherits "2"
    minimatch "^3.0.4"
    once "^1.3.0"
    path-is-absolute "^1.0.0"

graceful-fs@^4.1.2, graceful-fs@^4.1.6:
  version "4.2.3"
  resolved "https://registry.yarnpkg.com/graceful-fs/-/graceful-fs-4.2.3.tgz#4a12ff1b60376ef09862c2093edd908328be8423"
  integrity sha512-a30VEBm4PEdx1dRB7MFK7BejejvCvBronbLjht+sHuGYj8PHs7M/5Z+rt5lw551vZ7yfTCj4Vuyy3mSJytDWRQ==

h3-js@^3.6.0:
  version "3.6.3"
  resolved "https://registry.yarnpkg.com/h3-js/-/h3-js-3.6.3.tgz#74807ddafc39f2e34688c6fc4cf225248c891c6c"
  integrity sha512-sSfUD4WrqKDoGsGjeY/ih2kbl/HqunGzdAr4NL8Q1qHSAyGMvev3jABbsMvK9wJGmnGuGhIzgxX9kCbUsYcnwg==

hammerjs@^2.0.8:
  version "2.0.8"
  resolved "https://registry.yarnpkg.com/hammerjs/-/hammerjs-2.0.8.tgz#04ef77862cff2bb79d30f7692095930222bf60f1"
  integrity sha1-BO93hiz/K7edMPdpIJWTAiK/YPE=

iconv-lite@0.4:
  version "0.4.24"
  resolved "https://registry.yarnpkg.com/iconv-lite/-/iconv-lite-0.4.24.tgz#2022b4b25fbddc21d2f524974a474aafe733908b"
  integrity sha512-v3MXnZAcvnywkTUEZomIActle7RXXeedOR31wwl7VlyoXO4Qi9arvSenNQWne1TcRwhCL1HwLI21bEqdpj8/rA==
  dependencies:
    safer-buffer ">= 2.1.2 < 3"

ieee754@^1.1.12:
  version "1.1.13"
  resolved "https://registry.yarnpkg.com/ieee754/-/ieee754-1.1.13.tgz#ec168558e95aa181fd87d37f55c32bbcb6708b84"
  integrity sha512-4vf7I2LYV/HaWerSo3XmlMkp5eZ83i+/CDluXi/IGTs/O1sejBNhTtnxzmRZfvOUqj7lZjqHkeTvpgSFDlWZTg==

indefinitely-typed@^1.0.3:
  version "1.1.0"
  resolved "https://registry.yarnpkg.com/indefinitely-typed/-/indefinitely-typed-1.1.0.tgz#d0acd3645445e89ae1c70129be21609a0aa5a114"
  integrity sha512-giaI0hCj+wWZIZZLsmWHI+LrM4Hwc+rEZ/VrgCafKePcnE42fLnQTFt4xspqLin8fCjI5WnQr2fep/0EFqjaxw==
  dependencies:
    fs-extra "^7.0.0"
    minimist "^1.2.5"

inflight@^1.0.4:
  version "1.0.6"
  resolved "https://registry.yarnpkg.com/inflight/-/inflight-1.0.6.tgz#49bd6331d7d02d0c09bc910a1075ba8165b56df9"
  integrity sha1-Sb1jMdfQLQwJvJEKEHW6gWW1bfk=
  dependencies:
    once "^1.3.0"
    wrappy "1"

inherits@2:
  version "2.0.4"
  resolved "https://registry.yarnpkg.com/inherits/-/inherits-2.0.4.tgz#0fa2c64f932917c3433a0ded55363aae37416b7c"
  integrity sha512-k/vGaX4/Yla3WzyMCvTQOXYeIHvqOKtnqBduzTHpzpQZzAskKMhZ2K+EnBiSM9zGSoIFeMpXKxa4dYeZIQqewQ==

"js-tokens@^3.0.0 || ^4.0.0":
  version "4.0.0"
  resolved "https://registry.yarnpkg.com/js-tokens/-/js-tokens-4.0.0.tgz#19203fb59991df98e3a287050d4647cdeaf32499"
  integrity sha512-RdJUflcE3cUzKiMqQgsCu06FPu9UdIJO0beYbPhHN4k6apgJtifcoCtT9bcxOpYBtpD2kCM6Sbzg4CausW/PKQ==

jsep@^0.3.0:
  version "0.3.4"
  resolved "https://registry.yarnpkg.com/jsep/-/jsep-0.3.4.tgz#55ebd4400c5c5861cb1ff949a7a4cd97fcaacaa0"
  integrity sha512-ovGD9wE+wvudIIYxZGrRcZCxNyZ3Cl1N7Bzyp7/j4d/tA0BaUwcVM9bu0oZaSrefMiNwv6TwZ9X15gvZosteCQ==

jsonfile@^4.0.0:
  version "4.0.0"
  resolved "https://registry.yarnpkg.com/jsonfile/-/jsonfile-4.0.0.tgz#8771aae0799b64076b76640fca058f9c10e33ecb"
  integrity sha1-h3Gq4HmbZAdrdmQPygWPnBDjPss=
  optionalDependencies:
    graceful-fs "^4.1.6"

long@^3.2.0:
  version "3.2.0"
  resolved "https://registry.yarnpkg.com/long/-/long-3.2.0.tgz#d821b7138ca1cb581c172990ef14db200b5c474b"
  integrity sha1-2CG3E4yhy1gcFymQ7xTbIAtcR0s=

loose-envify@^1.4.0:
  version "1.4.0"
  resolved "https://registry.yarnpkg.com/loose-envify/-/loose-envify-1.4.0.tgz#71ee51fa7be4caec1a63839f7e682d8132d30caf"
  integrity sha512-lyuxPGr/Wfhrlem2CL/UcnUc1zcqKAImBDzukY7Y5F/yQiNdko6+fRLevlw1HgMySw7f611UIY408EtxRSoK3Q==
  dependencies:
    js-tokens "^3.0.0 || ^4.0.0"

math.gl@*, math.gl@^3.1.2, math.gl@^3.1.3:
  version "3.1.3"
  resolved "https://registry.yarnpkg.com/math.gl/-/math.gl-3.1.3.tgz#1e702df8cba024cc229e18e3c57c60a27943cb95"
  integrity sha512-3OYCtzTOW1wkZufjsxk8g1D77+z+x7QehOZcMFPGgw1QjVEFNcyy3ql6hdrZpUlkyE3pX4lYak7WOIE+n0obYg==
  dependencies:
    "@math.gl/core" "3.1.3"

minimatch@^3.0.4:
  version "3.0.4"
  resolved "https://registry.yarnpkg.com/minimatch/-/minimatch-3.0.4.tgz#5166e286457f03306064be5497e8dbb0c3d32083"
  integrity sha512-yJHVQEhyqPLUTgt9B83PXu6W3rx4MvvHvSUvToogpwoGDOUQ+yDrR0HRot+yOCdCO7u4hX3pWft6kWBBcqh0UA==
  dependencies:
    brace-expansion "^1.1.7"

minimist@^1.2.5:
  version "1.2.5"
  resolved "https://registry.yarnpkg.com/minimist/-/minimist-1.2.5.tgz#67d66014b66a6a8aaa0c083c5fd58df4e4e97602"
  integrity sha512-FM9nNUYrRBAELZQT3xeZQ7fmMOBg6nWNmJKTcgsJeaLstP/UODVpGsr5OhXhhXg6f+qtJ8uiZ+PUxkDWcgIXLw==

mjolnir.js@^2.3.0:
  version "2.4.1"
  resolved "https://registry.yarnpkg.com/mjolnir.js/-/mjolnir.js-2.4.1.tgz#63cc66b7d1a52490904103cc1becc597be60c6cf"
  integrity sha512-bpqKc70aNlijeQCapJ8529EmjVj8VSfYdzh1WsbhWp0XEQSm9hAB6X350OyRVDpH5oTdAyX/NeYFqtwyuO4ZKA==
  dependencies:
    "@babel/runtime" "^7.0.0"
    hammerjs "^2.0.8"

mkdirp@^0.5.1:
  version "0.5.5"
  resolved "https://registry.yarnpkg.com/mkdirp/-/mkdirp-0.5.5.tgz#d91cefd62d1436ca0f41620e251288d420099def"
  integrity sha512-NKmAlESf6jMGym1++R0Ra7wvhV+wFW63FaSOFPwRahvea0gMUcGUhVeAg/0BC0wiv9ih5NYPB1Wn1UEI1/L+xQ==
  dependencies:
    minimist "^1.2.5"

object-assign@^4.1.1:
  version "4.1.1"
  resolved "https://registry.yarnpkg.com/object-assign/-/object-assign-4.1.1.tgz#2109adc7965887cfc05cbbd442cac8bfbb360863"
  integrity sha1-IQmtx5ZYh8/AXLvUQsrIv7s2CGM=

once@^1.3.0:
  version "1.4.0"
  resolved "https://registry.yarnpkg.com/once/-/once-1.4.0.tgz#583b1aa775961d4b113ac17d9c50baef9dd76bd1"
  integrity sha1-WDsap3WWHUsROsF9nFC6753Xa9E=
  dependencies:
    wrappy "1"

path-is-absolute@^1.0.0:
  version "1.0.1"
  resolved "https://registry.yarnpkg.com/path-is-absolute/-/path-is-absolute-1.0.1.tgz#174b9268735534ffbc7ace6bf53a5a9e1b5c5f5f"
  integrity sha1-F0uSaHNVNP+8es5r9TpanhtcX18=

pbf@^3.2.1:
  version "3.2.1"
  resolved "https://registry.yarnpkg.com/pbf/-/pbf-3.2.1.tgz#b4c1b9e72af966cd82c6531691115cc0409ffe2a"
  integrity sha512-ClrV7pNOn7rtmoQVF4TS1vyU0WhYRnP92fzbfF75jAIwpnzdJXf8iTd4CMEqO4yUenH6NDqLiwjqlh6QgZzgLQ==
  dependencies:
    ieee754 "^1.1.12"
    resolve-protobuf-schema "^2.1.0"

probe.gl@^3.2.1:
  version "3.2.1"
  resolved "https://registry.yarnpkg.com/probe.gl/-/probe.gl-3.2.1.tgz#c92db3e89df6c45a9fe0377890c6b0ded35d2974"
  integrity sha512-ax0flZWVcrw3FF9MMt84mqfIckjkB7ItGer9rr8zlUbkIyzt66ypeJVLQlC28dJ/RBZtriflt2sVAhjENFohQA==
  dependencies:
    "@babel/runtime" "^7.0.0"
    "@probe.gl/stats" "3.2.1"

prop-types@^15.6.0:
  version "15.7.2"
  resolved "https://registry.yarnpkg.com/prop-types/-/prop-types-15.7.2.tgz#52c41e75b8c87e72b9d9360e0206b99dcbffa6c5"
  integrity sha512-8QQikdH7//R2vurIJSutZ1smHYTcLpRWEOlHnzcWHmBYrOGUysKwSsrC89BCiFj3CbrfJ/nXFdJepOVrY1GCHQ==
  dependencies:
    loose-envify "^1.4.0"
    object-assign "^4.1.1"
    react-is "^16.8.1"

protocol-buffers-schema@^3.3.1:
  version "3.4.0"
  resolved "https://registry.yarnpkg.com/protocol-buffers-schema/-/protocol-buffers-schema-3.4.0.tgz#2f0ea31ca96627d680bf2fefae7ebfa2b6453eae"
  integrity sha512-G/2kcamPF2S49W5yaMGdIpkG6+5wZF0fzBteLKgEHjbNzqjZQ85aAs1iJGto31EJaSTkNvHs5IXuHSaTLWBAiA==

react-is@^16.8.1:
  version "16.13.1"
  resolved "https://registry.yarnpkg.com/react-is/-/react-is-16.13.1.tgz#789729a4dc36de2999dc156dd6c1d9c18cea56a4"
  integrity sha512-24e6ynE2H+OKt4kqsOvNd8kBpV65zoxbA4BVsEOB3ARVWQki/DHzaUoC5KuON/BiccDaCCTZBuOcfZs70kR8bQ==

regenerator-runtime@^0.13.4:
  version "0.13.5"
  resolved "https://registry.yarnpkg.com/regenerator-runtime/-/regenerator-runtime-0.13.5.tgz#d878a1d094b4306d10b9096484b33ebd55e26697"
  integrity sha512-ZS5w8CpKFinUzOwW3c83oPeVXoNsrLsaCoLtJvAClH135j/R77RuymhiSErhm2lKcwSCIpmvIWSbDkIfAqKQlA==

resolve-protobuf-schema@^2.1.0:
  version "2.1.0"
  resolved "https://registry.yarnpkg.com/resolve-protobuf-schema/-/resolve-protobuf-schema-2.1.0.tgz#9ca9a9e69cf192bbdaf1006ec1973948aa4a3758"
  integrity sha512-kI5ffTiZWmJaS/huM8wZfEMer1eRd7oJQhDuxeCLe3t7N7mX3z94CN0xPxBQxFYQTSNz9T0i+v6inKqSdK8xrQ==
  dependencies:
    protocol-buffers-schema "^3.3.1"

rw@1:
  version "1.3.3"
  resolved "https://registry.yarnpkg.com/rw/-/rw-1.3.3.tgz#3f862dfa91ab766b14885ef4d01124bfda074fb4"
  integrity sha1-P4Yt+pGrdmsUiF700BEkv9oHT7Q=

"safer-buffer@>= 2.1.2 < 3":
  version "2.1.2"
  resolved "https://registry.yarnpkg.com/safer-buffer/-/safer-buffer-2.1.2.tgz#44fa161b0187b9549dd84bb91802f9bd8385cd6a"
  integrity sha512-YZo3K82SD7Riyi0E1EQPojLz7kpepnSQI9IyPbHHg1XXXevb5dJI7tpyN2ADxGcQbHG7vcyRHk0cbwqcQriUtg==

typescript@^3.6.4:
  version "3.8.3"
  resolved "https://registry.yarnpkg.com/typescript/-/typescript-3.8.3.tgz#409eb8544ea0335711205869ec458ab109ee1061"
  integrity sha512-MYlEfn5VrLNsgudQTVJeNaQFUAI7DkhnOjdpAp4T+ku1TfQClewlbSuTVHiA+8skNBgaf02TL/kLOvig4y3G8w==

universalify@^0.1.0:
  version "0.1.2"
  resolved "https://registry.yarnpkg.com/universalify/-/universalify-0.1.2.tgz#b646f69be3942dabcecc9d6639c80dc105efaa66"
  integrity sha512-rBJeI5CXAlmy1pV+617WB9J63U6XcazHHF2f2dbJix4XzpUF0RS3Zbj0FGIOCAva5P/d/GBOYaACQ1w+0azUkg==

wrappy@1:
  version "1.0.2"
  resolved "https://registry.yarnpkg.com/wrappy/-/wrappy-1.0.2.tgz#b5243d8f3ec1aa35f1364605bc0d1036e30ab69f"
  integrity sha1-tSQ9jz7BqjXxNkYFvA0QNuMKtp8=
